// !$*UTF8*$!
{
	archiveVersion = 1;
	classes = {
	};
	objectVersion = 50;
	objects = {

/* Begin PBXBuildFile section */
		D50831A5248914E8002F4E1F /* AppDelegate.swift in Sources */ = {isa = PBXBuildFile; fileRef = D50831A4248914E8002F4E1F /* AppDelegate.swift */; };
		D50831A7248914E8002F4E1F /* SceneDelegate.swift in Sources */ = {isa = PBXBuildFile; fileRef = D50831A6248914E8002F4E1F /* SceneDelegate.swift */; };
		D50831A9248914E8002F4E1F /* ViewController.swift in Sources */ = {isa = PBXBuildFile; fileRef = D50831A8248914E8002F4E1F /* ViewController.swift */; };
		D50831AC248914E8002F4E1F /* Main.storyboard in Resources */ = {isa = PBXBuildFile; fileRef = D50831AA248914E8002F4E1F /* Main.storyboard */; };
		D50831AE248914EB002F4E1F /* Assets.xcassets in Resources */ = {isa = PBXBuildFile; fileRef = D50831AD248914EB002F4E1F /* Assets.xcassets */; };
		D50831B1248914EB002F4E1F /* LaunchScreen.storyboard in Resources */ = {isa = PBXBuildFile; fileRef = D50831AF248914EB002F4E1F /* LaunchScreen.storyboard */; };
/* End PBXBuildFile section */

/* Begin PBXFileReference section */
		D50831A1248914E8002F4E1F /* OverlapingTableView.app */ = {isa = PBXFileReference; explicitFileType = wrapper.application; includeInIndex = 0; path = OverlapingTableView.app; sourceTree = BUILT_PRODUCTS_DIR; };
		D50831A4248914E8002F4E1F /* AppDelegate.swift */ = {isa = PBXFileReference; lastKnownFileType = sourcecode.swift; path = AppDelegate.swift; sourceTree = "<group>"; };
		D50831A6248914E8002F4E1F /* SceneDelegate.swift */ = {isa = PBXFileReference; lastKnownFileType = sourcecode.swift; path = SceneDelegate.swift; sourceTree = "<group>"; };
		D50831A8248914E8002F4E1F /* ViewController.swift */ = {isa = PBXFileReference; lastKnownFileType = sourcecode.swift; path = ViewController.swift; sourceTree = "<group>"; };
		D50831AB248914E8002F4E1F /* Base */ = {isa = PBXFileReference; lastKnownFileType = file.storyboard; name = Base; path = Base.lproj/Main.storyboard; sourceTree = "<group>"; };
		D50831AD248914EB002F4E1F /* Assets.xcassets */ = {isa = PBXFileReference; lastKnownFileType = folder.assetcatalog; path = Assets.xcassets; sourceTree = "<group>"; };
		D50831B0248914EB002F4E1F /* Base */ = {isa = PBXFileReference; lastKnownFileType = file.storyboard; name = Base; path = Base.lproj/LaunchScreen.storyboard; sourceTree = "<group>"; };
		D50831B2248914EB002F4E1F /* Info.plist */ = {isa = PBXFileReference; lastKnownFileType = text.plist.xml; path = Info.plist; sourceTree = "<group>"; };
/* End PBXFileReference section */

/* Begin PBXFrameworksBuildPhase section */
		D508319E248914E8002F4E1F /* Frameworks */ = {
			isa = PBXFrameworksBuildPhase;
			buildActionMask = 2147483647;
			files = (
			);
			runOnlyForDeploymentPostprocessing = 0;
		};
/* End PBXFrameworksBuildPhase section */

/* Begin PBXGroup section */
		D5083198248914E8002F4E1F = {
			isa = PBXGroup;
			children = (
				D50831A3248914E8002F4E1F /* OverlapingTableView */,
				D50831A2248914E8002F4E1F /* Products */,
			);
			sourceTree = "<group>";
		};
		D50831A2248914E8002F4E1F /* Products */ = {
			isa = PBXGroup;
			children = (
				D50831A1248914E8002F4E1F /* OverlapingTableView.app */,
			);
			name = Products;
			sourceTree = "<group>";
		};
		D50831A3248914E8002F4E1F /* OverlapingTableView */ = {
			isa = PBXGroup;
			children = (
				D50831A4248914E8002F4E1F /* AppDelegate.swift */,
				D50831A6248914E8002F4E1F /* SceneDelegate.swift */,
				D50831A8248914E8002F4E1F /* ViewController.swift */,
				D50831AA248914E8002F4E1F /* Main.storyboard */,
				D50831AD248914EB002F4E1F /* Assets.xcassets */,
				D50831AF248914EB002F4E1F /* LaunchScreen.storyboard */,
				D50831B2248914EB002F4E1F /* Info.plist */,
			);
			path = OverlapingTableView;
			sourceTree = "<group>";
		};
/* End PBXGroup section */

/* Begin PBXNativeTarget section */
		D50831A0248914E8002F4E1F /* OverlapingTableView */ = {
			isa = PBXNativeTarget;
			buildConfigurationList = D50831B5248914EB002F4E1F /* Build configuration list for PBXNativeTarget "OverlapingTableView" */;
			buildPhases = (
				D508319D248914E8002F4E1F /* Sources */,
				D508319E248914E8002F4E1F /* Frameworks */,
				D508319F248914E8002F4E1F /* Resources */,
			);
			buildRules = (
			);
			dependencies = (
			);
			name = OverlapingTableView;
			productName = OverlapingTableView;
			productReference = D50831A1248914E8002F4E1F /* OverlapingTableView.app */;
			productType = "com.apple.product-type.application";
		};
/* End PBXNativeTarget section */

/* Begin PBXProject section */
		D5083199248914E8002F4E1F /* Project object */ = {
			isa = PBXProject;
			attributes = {
				LastSwiftUpdateCheck = 1150;
				LastUpgradeCheck = 1150;
				ORGANIZATIONNAME = "Philip Dukhov";
				TargetAttributes = {
					D50831A0248914E8002F4E1F = {
						CreatedOnToolsVersion = 11.5;
					};
				};
			};
			buildConfigurationList = D508319C248914E8002F4E1F /* Build configuration list for PBXProject "OverlapingTableView" */;
			compatibilityVersion = "Xcode 9.3";
			developmentRegion = en;
			hasScannedForEncodings = 0;
			knownRegions = (
				en,
				Base,
			);
			mainGroup = D5083198248914E8002F4E1F;
			productRefGroup = D50831A2248914E8002F4E1F /* Products */;
			projectDirPath = "";
			projectRoot = "";
			targets = (
				D50831A0248914E8002F4E1F /* OverlapingTableView */,
			);
		};
/* End PBXProject section */

/* Begin PBXResourcesBuildPhase section */
		D508319F248914E8002F4E1F /* Resources */ = {
			isa = PBXResourcesBuildPhase;
			buildActionMask = 2147483647;
			files = (
				D50831B1248914EB002F4E1F /* LaunchScreen.storyboard in Resources */,
				D50831AE248914EB002F4E1F /* Assets.xcassets in Resources */,
				D50831AC248914E8002F4E1F /* Main.storyboard in Resources */,
			);
			runOnlyForDeploymentPostprocessing = 0;
		};
/* End PBXResourcesBuildPhase section */

/* Begin PBXSourcesBuildPhase section */
		D508319D248914E8002F4E1F /* Sources */ = {
			isa = PBXSourcesBuildPhase;
			buildActionMask = 2147483647;
			files = (
				D50831A9248914E8002F4E1F /* ViewController.swift in Sources */,
				D50831A5248914E8002F4E1F /* AppDelegate.swift in Sources */,
				D50831A7248914E8002F4E1F /* SceneDelegate.swift in Sources */,
			);
			runOnlyForDeploymentPostprocessing = 0;
		};
/* End PBXSourcesBuildPhase section */

/* Begin PBXVariantGroup section */
		D50831AA248914E8002F4E1F /* Main.storyboard */ = {
			isa = PBXVariantGroup;
			children = (
				D50831AB248914E8002F4E1F /* Base */,
			);
			name = Main.storyboard;
			sourceTree = "<group>";
		};
		D50831AF248914EB002F4E1F /* LaunchScreen.storyboard */ = {
			isa = PBXVariantGroup;
			children = (
				D50831B0248914EB002F4E1F /* Base */,
			);
			name = LaunchScreen.storyboard;
			sourceTree = "<group>";
		};
/* End PBXVariantGroup section */

/* Begin XCBuildConfiguration section */
		D50831B3248914EB002F4E1F /* Debug */ = {
			isa = XCBuildConfiguration;
			buildSettings = {
				ALWAYS_SEARCH_USER_PATHS = NO;
				CLANG_ANALYZER_NONNULL = YES;
				CLANG_ANALYZER_NUMBER_OBJECT_CONVERSION = YES_AGGRESSIVE;
				CLANG_CXX_LANGUAGE_STANDARD = "gnu++14";
				CLANG_CXX_LIBRARY = "libc++";
				CLANG_ENABLE_MODULES = YES;
				CLANG_ENABLE_OBJC_ARC = YES;
				CLANG_ENABLE_OBJC_WEAK = YES;
				CLANG_WARN_BLOCK_CAPTURE_AUTORELEASING = YES;
				CLANG_WARN_BOOL_CONVERSION = YES;
				CLANG_WARN_COMMA = YES;
				CLANG_WARN_CONSTANT_CONVERSION = YES;
				CLANG_WARN_DEPRECATED_OBJC_IMPLEMENTATIONS = YES;
				CLANG_WARN_DIRECT_OBJC_ISA_USAGE = YES_ERROR;
				CLANG_WARN_DOCUMENTATION_COMMENTS = YES;
				CLANG_WARN_EMPTY_BODY = YES;
				CLANG_WARN_ENUM_CONVERSION = YES;
				CLANG_WARN_INFINITE_RECURSION = YES;
				CLANG_WARN_INT_CONVERSION = YES;
				CLANG_WARN_NON_LITERAL_NULL_CONVERSION = YES;
				CLANG_WARN_OBJC_IMPLICIT_RETAIN_SELF = YES;
				CLANG_WARN_OBJC_LITERAL_CONVERSION = YES;
				CLANG_WARN_OBJC_ROOT_CLASS = YES_ERROR;
				CLANG_WARN_RANGE_LOOP_ANALYSIS = YES;
				CLANG_WARN_STRICT_PROTOTYPES = YES;
				CLANG_WARN_SUSPICIOUS_MOVE = YES;
				CLANG_WARN_UNGUARDED_AVAILABILITY = YES_AGGRESSIVE;
				CLANG_WARN_UNREACHABLE_CODE = YES;
				CLANG_WARN__DUPLICATE_METHOD_MATCH = YES;
				COPY_PHASE_STRIP = NO;
				DEBUG_INFORMATION_FORMAT = dwarf;
				ENABLE_STRICT_OBJC_MSGSEND = YES;
				ENABLE_TESTABILITY = YES;
				GCC_C_LANGUAGE_STANDARD = gnu11;
				GCC_DYNAMIC_NO_PIC = NO;
				GCC_NO_COMMON_BLOCKS = YES;
				GCC_OPTIMIZATION_LEVEL = 0;
				GCC_PREPROCESSOR_DEFINITIONS = (
					"DEBUG=1",
					"$(inherited)",
				);
				GCC_WARN_64_TO_32_BIT_CONVERSION = YES;
				GCC_WARN_ABOUT_RETURN_TYPE = YES_ERROR;
				GCC_WARN_UNDECLARED_SELECTOR = YES;
				GCC_WARN_UNINITIALIZED_AUTOS = YES_AGGRESSIVE;
				GCC_WARN_UNUSED_FUNCTION = YES;
				GCC_WARN_UNUSED_VARIABLE = YES;
				IPHONEOS_DEPLOYMENT_TARGET = 13.5;
				MTL_ENABLE_DEBUG_INFO = INCLUDE_SOURCE;
				MTL_FAST_MATH = YES;
				ONLY_ACTIVE_ARCH = YES;
				SDKROOT = iphoneos;
				SWIFT_ACTIVE_COMPILATION_CONDITIONS = DEBUG;
				SWIFT_OPTIMIZATION_LEVEL = "-Onone";
			};
			name = Debug;
		};
		D50831B4248914EB002F4E1F /* Release */ = {
			isa = XCBuildConfiguration;
			buildSettings = {
				ALWAYS_SEARCH_USER_PATHS = NO;
				CLANG_ANALYZER_NONNULL = YES;
				CLANG_ANALYZER_NUMBER_OBJECT_CONVERSION = YES_AGGRESSIVE;
				CLANG_CXX_LANGUAGE_STANDARD = "gnu++14";
				CLANG_CXX_LIBRARY = "libc++";
				CLANG_ENABLE_MODULES = YES;
				CLANG_ENABLE_OBJC_ARC = YES;
				CLANG_ENABLE_OBJC_WEAK = YES;
				CLANG_WARN_BLOCK_CAPTURE_AUTORELEASING = YES;
				CLANG_WARN_BOOL_CONVERSION = YES;
				CLANG_WARN_COMMA = YES;
				CLANG_WARN_CONSTANT_CONVERSION = YES;
				CLANG_WARN_DEPRECATED_OBJC_IMPLEMENTATIONS = YES;
				CLANG_WARN_DIRECT_OBJC_ISA_USAGE = YES_ERROR;
				CLANG_WARN_DOCUMENTATION_COMMENTS = YES;
				CLANG_WARN_EMPTY_BODY = YES;
				CLANG_WARN_ENUM_CONVERSION = YES;
				CLANG_WARN_INFINITE_RECURSION = YES;
				CLANG_WARN_INT_CONVERSION = YES;
				CLANG_WARN_NON_LITERAL_NULL_CONVERSION = YES;
				CLANG_WARN_OBJC_IMPLICIT_RETAIN_SELF = YES;
				CLANG_WARN_OBJC_LITERAL_CONVERSION = YES;
				CLANG_WARN_OBJC_ROOT_CLASS = YES_ERROR;
				CLANG_WARN_RANGE_LOOP_ANALYSIS = YES;
				CLANG_WARN_STRICT_PROTOTYPES = YES;
				CLANG_WARN_SUSPICIOUS_MOVE = YES;
				CLANG_WARN_UNGUARDED_AVAILABILITY = YES_AGGRESSIVE;
				CLANG_WARN_UNREACHABLE_CODE = YES;
				CLANG_WARN__DUPLICATE_METHOD_MATCH = YES;
				COPY_PHASE_STRIP = NO;
				DEBUG_INFORMATION_FORMAT = "dwarf-with-dsym";
				ENABLE_NS_ASSERTIONS = NO;
				ENABLE_STRICT_OBJC_MSGSEND = YES;
				GCC_C_LANGUAGE_STANDARD = gnu11;
				GCC_NO_COMMON_BLOCKS = YES;
				GCC_WARN_64_TO_32_BIT_CONVERSION = YES;
				GCC_WARN_ABOUT_RETURN_TYPE = YES_ERROR;
				GCC_WARN_UNDECLARED_SELECTOR = YES;
				GCC_WARN_UNINITIALIZED_AUTOS = YES_AGGRESSIVE;
				GCC_WARN_UNUSED_FUNCTION = YES;
				GCC_WARN_UNUSED_VARIABLE = YES;
				IPHONEOS_DEPLOYMENT_TARGET = 13.5;
				MTL_ENABLE_DEBUG_INFO = NO;
				MTL_FAST_MATH = YES;
				SDKROOT = iphoneos;
				SWIFT_COMPILATION_MODE = wholemodule;
				SWIFT_OPTIMIZATION_LEVEL = "-O";
				VALIDATE_PRODUCT = YES;
			};
			name = Release;
		};
		D50831B6248914EB002F4E1F /* Debug */ = {
			isa = XCBuildConfiguration;
			buildSettings = {
				ASSETCATALOG_COMPILER_APPICON_NAME = AppIcon;
				CODE_SIGN_STYLE = Automatic;
				DEVELOPMENT_TEAM = UV9KR38NWW;
				INFOPLIST_FILE = OverlapingTableView/Info.plist;
				LD_RUNPATH_SEARCH_PATHS = (
					"$(inherited)",
					"@executable_path/Frameworks",
				);
				PRODUCT_BUNDLE_IDENTIFIER = "Philip-Dukhov.OverlapingTableView";
				PRODUCT_NAME = "$(TARGET_NAME)";
				SWIFT_VERSION = 5.0;
				TARGETED_DEVICE_FAMILY = "1,2";
			};
			name = Debug;
		};
		D50831B7248914EB002F4E1F /* Release */ = {
			isa = XCBuildConfiguration;
			buildSettings = {
				ASSETCATALOG_COMPILER_APPICON_NAME = AppIcon;
				CODE_SIGN_STYLE = Automatic;
				DEVELOPMENT_TEAM = UV9KR38NWW;
				INFOPLIST_FILE = OverlapingTableView/Info.plist;
				LD_RUNPATH_SEARCH_PATHS = (
					"$(inherited)",
					"@executable_path/Frameworks",
				);
				PRODUCT_BUNDLE_IDENTIFIER = "Philip-Dukhov.OverlapingTableView";
				PRODUCT_NAME = "$(TARGET_NAME)";
				SWIFT_VERSION = 5.0;
				TARGETED_DEVICE_FAMILY = "1,2";
			};
			name = Release;
		};
/* End XCBuildConfiguration section */

/* Begin XCConfigurationList section */
		D508319C248914E8002F4E1F /* Build configuration list for PBXProject "OverlapingTableView" */ = {
			isa = XCConfigurationList;
			buildConfigurations = (
				D50831B3248914EB002F4E1F /* Debug */,
				D50831B4248914EB002F4E1F /* Release */,
			);
			defaultConfigurationIsVisible = 0;
			defaultConfigurationName = Release;
		};
		D50831B5248914EB002F4E1F /* Build configuration list for PBXNativeTarget "OverlapingTableView" */ = {
			isa = XCConfigurationList;
			buildConfigurations = (
				D50831B6248914EB002F4E1F /* Debug */,
				D50831B7248914EB002F4E1F /* Release */,
			);
			defaultConfigurationIsVisible = 0;
			defaultConfigurationName = Release;
		};
/* End XCConfigurationList section */
	};
	rootObject = D5083199248914E8002F4E1F /* Project object */;
}
